// !$*UTF8*$!
{
	archiveVersion = 1;
	classes = {
	};
	objectVersion = 46;
	objects = {

/* Begin PBXBuildFile section */
		28730CAE1A899C2A00556327 /* main.m in Sources */ = {isa = PBXBuildFile; fileRef = 28730CAD1A899C2A00556327 /* main.m */; };
		28730CB11A899C2A00556327 /* AppDelegate.m in Sources */ = {isa = PBXBuildFile; fileRef = 28730CB01A899C2A00556327 /* AppDelegate.m */; };
		28730CB41A899C2A00556327 /* ViewController.m in Sources */ = {isa = PBXBuildFile; fileRef = 28730CB31A899C2A00556327 /* ViewController.m */; };
		28730CB71A899C2A00556327 /* Main.storyboard in Resources */ = {isa = PBXBuildFile; fileRef = 28730CB51A899C2A00556327 /* Main.storyboard */; };
		28730CB91A899C2A00556327 /* Images.xcassets in Resources */ = {isa = PBXBuildFile; fileRef = 28730CB81A899C2A00556327 /* Images.xcassets */; };
		28730CBC1A899C2A00556327 /* LaunchScreen.xib in Resources */ = {isa = PBXBuildFile; fileRef = 28730CBA1A899C2A00556327 /* LaunchScreen.xib */; };
		28730CC81A899C2A00556327 /* DemoAttachViewTests.m in Sources */ = {isa = PBXBuildFile; fileRef = 28730CC71A899C2A00556327 /* DemoAttachViewTests.m */; };
		28730CD41A89A01500556327 /* AttachedCell.m in Sources */ = {isa = PBXBuildFile; fileRef = 28730CD31A89A01500556327 /* AttachedCell.m */; };
		28730CD71A89A1CD00556327 /* UIButton+Create.m in Sources */ = {isa = PBXBuildFile; fileRef = 28730CD61A89A1CD00556327 /* UIButton+Create.m */; };
		28730CDA1A89A93500556327 /* MainCell.m in Sources */ = {isa = PBXBuildFile; fileRef = 28730CD91A89A93500556327 /* MainCell.m */; };
/* End PBXBuildFile section */

/* Begin PBXContainerItemProxy section */
		28730CC21A899C2A00556327 /* PBXContainerItemProxy */ = {
			isa = PBXContainerItemProxy;
			containerPortal = 28730CA01A899C2A00556327 /* Project object */;
			proxyType = 1;
			remoteGlobalIDString = 28730CA71A899C2A00556327;
			remoteInfo = DemoAttachView;
		};
/* End PBXContainerItemProxy section */

/* Begin PBXFileReference section */
		28730CA81A899C2A00556327 /* DemoAttachView.app */ = {isa = PBXFileReference; explicitFileType = wrapper.application; includeInIndex = 0; path = DemoAttachView.app; sourceTree = BUILT_PRODUCTS_DIR; };
		28730CAC1A899C2A00556327 /* Info.plist */ = {isa = PBXFileReference; lastKnownFileType = text.plist.xml; path = Info.plist; sourceTree = "<group>"; };
		28730CAD1A899C2A00556327 /* main.m */ = {isa = PBXFileReference; lastKnownFileType = sourcecode.c.objc; path = main.m; sourceTree = "<group>"; };
		28730CAF1A899C2A00556327 /* AppDelegate.h */ = {isa = PBXFileReference; lastKnownFileType = sourcecode.c.h; path = AppDelegate.h; sourceTree = "<group>"; };
		28730CB01A899C2A00556327 /* AppDelegate.m */ = {isa = PBXFileReference; lastKnownFileType = sourcecode.c.objc; path = AppDelegate.m; sourceTree = "<group>"; };
		28730CB21A899C2A00556327 /* ViewController.h */ = {isa = PBXFileReference; lastKnownFileType = sourcecode.c.h; path = ViewController.h; sourceTree = "<group>"; };
		28730CB31A899C2A00556327 /* ViewController.m */ = {isa = PBXFileReference; lastKnownFileType = sourcecode.c.objc; path = ViewController.m; sourceTree = "<group>"; };
		28730CB61A899C2A00556327 /* Base */ = {isa = PBXFileReference; lastKnownFileType = file.storyboard; name = Base; path = Base.lproj/Main.storyboard; sourceTree = "<group>"; };
		28730CB81A899C2A00556327 /* Images.xcassets */ = {isa = PBXFileReference; lastKnownFileType = folder.assetcatalog; path = Images.xcassets; sourceTree = "<group>"; };
		28730CBB1A899C2A00556327 /* Base */ = {isa = PBXFileReference; lastKnownFileType = file.xib; name = Base; path = Base.lproj/LaunchScreen.xib; sourceTree = "<group>"; };
		28730CC11A899C2A00556327 /* DemoAttachViewTests.xctest */ = {isa = PBXFileReference; explicitFileType = wrapper.cfbundle; includeInIndex = 0; path = DemoAttachViewTests.xctest; sourceTree = BUILT_PRODUCTS_DIR; };
		28730CC61A899C2A00556327 /* Info.plist */ = {isa = PBXFileReference; lastKnownFileType = text.plist.xml; path = Info.plist; sourceTree = "<group>"; };
		28730CC71A899C2A00556327 /* DemoAttachViewTests.m */ = {isa = PBXFileReference; lastKnownFileType = sourcecode.c.objc; path = DemoAttachViewTests.m; sourceTree = "<group>"; };
		28730CD11A899D1C00556327 /* PrefixHeader.pch */ = {isa = PBXFileReference; lastKnownFileType = sourcecode.c.h; path = PrefixHeader.pch; sourceTree = "<group>"; };
		28730CD21A89A01500556327 /* AttachedCell.h */ = {isa = PBXFileReference; fileEncoding = 4; lastKnownFileType = sourcecode.c.h; path = AttachedCell.h; sourceTree = "<group>"; };
		28730CD31A89A01500556327 /* AttachedCell.m */ = {isa = PBXFileReference; fileEncoding = 4; lastKnownFileType = sourcecode.c.objc; path = AttachedCell.m; sourceTree = "<group>"; };
		28730CD51A89A1CD00556327 /* UIButton+Create.h */ = {isa = PBXFileReference; fileEncoding = 4; lastKnownFileType = sourcecode.c.h; path = "UIButton+Create.h"; sourceTree = "<group>"; };
		28730CD61A89A1CD00556327 /* UIButton+Create.m */ = {isa = PBXFileReference; fileEncoding = 4; lastKnownFileType = sourcecode.c.objc; path = "UIButton+Create.m"; sourceTree = "<group>"; };
		28730CD81A89A93500556327 /* MainCell.h */ = {isa = PBXFileReference; fileEncoding = 4; lastKnownFileType = sourcecode.c.h; path = MainCell.h; sourceTree = "<group>"; };
		28730CD91A89A93500556327 /* MainCell.m */ = {isa = PBXFileReference; fileEncoding = 4; lastKnownFileType = sourcecode.c.objc; path = MainCell.m; sourceTree = "<group>"; };
/* End PBXFileReference section */

/* Begin PBXFrameworksBuildPhase section */
		28730CA51A899C2A00556327 /* Frameworks */ = {
			isa = PBXFrameworksBuildPhase;
			buildActionMask = 2147483647;
			files = (
			);
			runOnlyForDeploymentPostprocessing = 0;
		};
		28730CBE1A899C2A00556327 /* Frameworks */ = {
			isa = PBXFrameworksBuildPhase;
			buildActionMask = 2147483647;
			files = (
			);
			runOnlyForDeploymentPostprocessing = 0;
		};
/* End PBXFrameworksBuildPhase section */

/* Begin PBXGroup section */
		28730C9F1A899C2A00556327 = {
			isa = PBXGroup;
			children = (
				28730CAA1A899C2A00556327 /* DemoAttachView */,
				28730CC41A899C2A00556327 /* DemoAttachViewTests */,
				28730CA91A899C2A00556327 /* Products */,
			);
			sourceTree = "<group>";
		};
		28730CA91A899C2A00556327 /* Products */ = {
			isa = PBXGroup;
			children = (
				28730CA81A899C2A00556327 /* DemoAttachView.app */,
				28730CC11A899C2A00556327 /* DemoAttachViewTests.xctest */,
			);
			name = Products;
			sourceTree = "<group>";
		};
		28730CAA1A899C2A00556327 /* DemoAttachView */ = {
			isa = PBXGroup;
			children = (
				28730CAF1A899C2A00556327 /* AppDelegate.h */,
				28730CB01A899C2A00556327 /* AppDelegate.m */,
				28730CB21A899C2A00556327 /* ViewController.h */,
				28730CB31A899C2A00556327 /* ViewController.m */,
				28730CD21A89A01500556327 /* AttachedCell.h */,
				28730CD31A89A01500556327 /* AttachedCell.m */,
				28730CD81A89A93500556327 /* MainCell.h */,
				28730CD91A89A93500556327 /* MainCell.m */,
				28730CB51A899C2A00556327 /* Main.storyboard */,
				28730CD51A89A1CD00556327 /* UIButton+Create.h */,
				28730CD61A89A1CD00556327 /* UIButton+Create.m */,
				28730CB81A899C2A00556327 /* Images.xcassets */,
				28730CBA1A899C2A00556327 /* LaunchScreen.xib */,
				28730CAB1A899C2A00556327 /* Supporting Files */,
			);
			path = DemoAttachView;
			sourceTree = "<group>";
		};
		28730CAB1A899C2A00556327 /* Supporting Files */ = {
			isa = PBXGroup;
			children = (
				28730CAC1A899C2A00556327 /* Info.plist */,
				28730CAD1A899C2A00556327 /* main.m */,
				28730CD11A899D1C00556327 /* PrefixHeader.pch */,
			);
			name = "Supporting Files";
			sourceTree = "<group>";
		};
		28730CC41A899C2A00556327 /* DemoAttachViewTests */ = {
			isa = PBXGroup;
			children = (
				28730CC71A899C2A00556327 /* DemoAttachViewTests.m */,
				28730CC51A899C2A00556327 /* Supporting Files */,
			);
			path = DemoAttachViewTests;
			sourceTree = "<group>";
		};
		28730CC51A899C2A00556327 /* Supporting Files */ = {
			isa = PBXGroup;
			children = (
				28730CC61A899C2A00556327 /* Info.plist */,
			);
			name = "Supporting Files";
			sourceTree = "<group>";
		};
/* End PBXGroup section */

/* Begin PBXNativeTarget section */
		28730CA71A899C2A00556327 /* DemoAttachView */ = {
			isa = PBXNativeTarget;
			buildConfigurationList = 28730CCB1A899C2A00556327 /* Build configuration list for PBXNativeTarget "DemoAttachView" */;
			buildPhases = (
				28730CA41A899C2A00556327 /* Sources */,
				28730CA51A899C2A00556327 /* Frameworks */,
				28730CA61A899C2A00556327 /* Resources */,
			);
			buildRules = (
			);
			dependencies = (
			);
			name = DemoAttachView;
			productName = DemoAttachView;
			productReference = 28730CA81A899C2A00556327 /* DemoAttachView.app */;
			productType = "com.apple.product-type.application";
		};
		28730CC01A899C2A00556327 /* DemoAttachViewTests */ = {
			isa = PBXNativeTarget;
			buildConfigurationList = 28730CCE1A899C2A00556327 /* Build configuration list for PBXNativeTarget "DemoAttachViewTests" */;
			buildPhases = (
				28730CBD1A899C2A00556327 /* Sources */,
				28730CBE1A899C2A00556327 /* Frameworks */,
				28730CBF1A899C2A00556327 /* Resources */,
			);
			buildRules = (
			);
			dependencies = (
				28730CC31A899C2A00556327 /* PBXTargetDependency */,
			);
			name = DemoAttachViewTests;
			productName = DemoAttachViewTests;
			productReference = 28730CC11A899C2A00556327 /* DemoAttachViewTests.xctest */;
			productType = "com.apple.product-type.bundle.unit-test";
		};
/* End PBXNativeTarget section */

/* Begin PBXProject section */
		28730CA01A899C2A00556327 /* Project object */ = {
			isa = PBXProject;
			attributes = {
				LastUpgradeCheck = 0610;
				ORGANIZATIONNAME = xuzhen;
				TargetAttributes = {
					28730CA71A899C2A00556327 = {
						CreatedOnToolsVersion = 6.1;
					};
					28730CC01A899C2A00556327 = {
						CreatedOnToolsVersion = 6.1;
						TestTargetID = 28730CA71A899C2A00556327;
					};
				};
			};
			buildConfigurationList = 28730CA31A899C2A00556327 /* Build configuration list for PBXProject "DemoAttachView" */;
			compatibilityVersion = "Xcode 3.2";
			developmentRegion = English;
			hasScannedForEncodings = 0;
			knownRegions = (
				en,
				Base,
			);
			mainGroup = 28730C9F1A899C2A00556327;
			productRefGroup = 28730CA91A899C2A00556327 /* Products */;
			projectDirPath = "";
			projectRoot = "";
			targets = (
				28730CA71A899C2A00556327 /* DemoAttachView */,
				28730CC01A899C2A00556327 /* DemoAttachViewTests */,
			);
		};
/* End PBXProject section */

/* Begin PBXResourcesBuildPhase section */
		28730CA61A899C2A00556327 /* Resources */ = {
			isa = PBXResourcesBuildPhase;
			buildActionMask = 2147483647;
			files = (
				28730CB71A899C2A00556327 /* Main.storyboard in Resources */,
				28730CBC1A899C2A00556327 /* LaunchScreen.xib in Resources */,
				28730CB91A899C2A00556327 /* Images.xcassets in Resources */,
			);
			runOnlyForDeploymentPostprocessing = 0;
		};
		28730CBF1A899C2A00556327 /* Resources */ = {
			isa = PBXResourcesBuildPhase;
			buildActionMask = 2147483647;
			files = (
			);
			runOnlyForDeploymentPostprocessing = 0;
		};
/* End PBXResourcesBuildPhase section */

/* Begin PBXSourcesBuildPhase section */
		28730CA41A899C2A00556327 /* Sources */ = {
			isa = PBXSourcesBuildPhase;
			buildActionMask = 2147483647;
			files = (
				28730CD71A89A1CD00556327 /* UIButton+Create.m in Sources */,
				28730CB41A899C2A00556327 /* ViewController.m in Sources */,
				28730CDA1A89A93500556327 /* MainCell.m in Sources */,
				28730CB11A899C2A00556327 /* AppDelegate.m in Sources */,
				28730CAE1A899C2A00556327 /* main.m in Sources */,
				28730CD41A89A01500556327 /* AttachedCell.m in Sources */,
			);
			runOnlyForDeploymentPostprocessing = 0;
		};
		28730CBD1A899C2A00556327 /* Sources */ = {
			isa = PBXSourcesBuildPhase;
			buildActionMask = 2147483647;
			files = (
				28730CC81A899C2A00556327 /* DemoAttachViewTests.m in Sources */,
			);
			runOnlyForDeploymentPostprocessing = 0;
		};
/* End PBXSourcesBuildPhase section */

/* Begin PBXTargetDependency section */
		28730CC31A899C2A00556327 /* PBXTargetDependency */ = {
			isa = PBXTargetDependency;
			target = 28730CA71A899C2A00556327 /* DemoAttachView */;
			targetProxy = 28730CC21A899C2A00556327 /* PBXContainerItemProxy */;
		};
/* End PBXTargetDependency section */

/* Begin PBXVariantGroup section */
		28730CB51A899C2A00556327 /* Main.storyboard */ = {
			isa = PBXVariantGroup;
			children = (
				28730CB61A899C2A00556327 /* Base */,
			);
			name = Main.storyboard;
			sourceTree = "<group>";
		};
		28730CBA1A899C2A00556327 /* LaunchScreen.xib */ = {
			isa = PBXVariantGroup;
			children = (
				28730CBB1A899C2A00556327 /* Base */,
			);
			name = LaunchScreen.xib;
			sourceTree = "<group>";
		};
/* End PBXVariantGroup section */

/* Begin XCBuildConfiguration section */
		28730CC91A899C2A00556327 /* Debug */ = {
			isa = XCBuildConfiguration;
			buildSettings = {
				ALWAYS_SEARCH_USER_PATHS = NO;
				CLANG_CXX_LANGUAGE_STANDARD = "gnu++0x";
				CLANG_CXX_LIBRARY = "libc++";
				CLANG_ENABLE_MODULES = YES;
				CLANG_ENABLE_OBJC_ARC = YES;
				CLANG_WARN_BOOL_CONVERSION = YES;
				CLANG_WARN_CONSTANT_CONVERSION = YES;
				CLANG_WARN_DIRECT_OBJC_ISA_USAGE = YES_ERROR;
				CLANG_WARN_EMPTY_BODY = YES;
				CLANG_WARN_ENUM_CONVERSION = YES;
				CLANG_WARN_INT_CONVERSION = YES;
				CLANG_WARN_OBJC_ROOT_CLASS = YES_ERROR;
				CLANG_WARN_UNREACHABLE_CODE = YES;
				CLANG_WARN__DUPLICATE_METHOD_MATCH = YES;
				"CODE_SIGN_IDENTITY[sdk=iphoneos*]" = "iPhone Developer";
				COPY_PHASE_STRIP = NO;
				ENABLE_STRICT_OBJC_MSGSEND = YES;
				GCC_C_LANGUAGE_STANDARD = gnu99;
				GCC_DYNAMIC_NO_PIC = NO;
				GCC_OPTIMIZATION_LEVEL = 0;
				GCC_PREPROCESSOR_DEFINITIONS = (
					"DEBUG=1",
					"$(inherited)",
				);
				GCC_SYMBOLS_PRIVATE_EXTERN = NO;
				GCC_WARN_64_TO_32_BIT_CONVERSION = YES;
				GCC_WARN_ABOUT_RETURN_TYPE = YES_ERROR;
				GCC_WARN_UNDECLARED_SELECTOR = YES;
				GCC_WARN_UNINITIALIZED_AUTOS = YES_AGGRESSIVE;
				GCC_WARN_UNUSED_FUNCTION = YES;
				GCC_WARN_UNUSED_VARIABLE = YES;
				IPHONEOS_DEPLOYMENT_TARGET = 8.1;
				MTL_ENABLE_DEBUG_INFO = YES;
				ONLY_ACTIVE_ARCH = YES;
				SDKROOT = iphoneos;
			};
			name = Debug;
		};
		28730CCA1A899C2A00556327 /* Release */ = {
			isa = XCBuildConfiguration;
			buildSettings = {
				ALWAYS_SEARCH_USER_PATHS = NO;
				CLANG_CXX_LANGUAGE_STANDARD = "gnu++0x";
				CLANG_CXX_LIBRARY = "libc++";
				CLANG_ENABLE_MODULES = YES;
				CLANG_ENABLE_OBJC_ARC = YES;
				CLANG_WARN_BOOL_CONVERSION = YES;
				CLANG_WARN_CONSTANT_CONVERSION = YES;
				CLANG_WARN_DIRECT_OBJC_ISA_USAGE = YES_ERROR;
				CLANG_WARN_EMPTY_BODY = YES;
				CLANG_WARN_ENUM_CONVERSION = YES;
				CLANG_WARN_INT_CONVERSION = YES;
				CLANG_WARN_OBJC_ROOT_CLASS = YES_ERROR;
				CLANG_WARN_UNREACHABLE_CODE = YES;
				CLANG_WARN__DUPLICATE_METHOD_MATCH = YES;
				"CODE_SIGN_IDENTITY[sdk=iphoneos*]" = "iPhone Developer";
				COPY_PHASE_STRIP = YES;
				ENABLE_NS_ASSERTIONS = NO;
				ENABLE_STRICT_OBJC_MSGSEND = YES;
				GCC_C_LANGUAGE_STANDARD = gnu99;
				GCC_WARN_64_TO_32_BIT_CONVERSION = YES;
				GCC_WARN_ABOUT_RETURN_TYPE = YES_ERROR;
				GCC_WARN_UNDECLARED_SELECTOR = YES;
				GCC_WARN_UNINITIALIZED_AUTOS = YES_AGGRESSIVE;
				GCC_WARN_UNUSED_FUNCTION = YES;
				GCC_WARN_UNUSED_VARIABLE = YES;
				IPHONEOS_DEPLOYMENT_TARGET = 8.1;
				MTL_ENABLE_DEBUG_INFO = NO;
				SDKROOT = iphoneos;
				VALIDATE_PRODUCT = YES;
			};
			name = Release;
		};
		28730CCC1A899C2A00556327 /* Debug */ = {
			isa = XCBuildConfiguration;
			buildSettings = {
				ASSETCATALOG_COMPILER_APPICON_NAME = AppIcon;
				GCC_PREFIX_HEADER = /Users/xuzhen/Desktop/practice/DemoAttachView/DemoAttachView/PrefixHeader.pch;
				INFOPLIST_FILE = DemoAttachView/Info.plist;
				LD_RUNPATH_SEARCH_PATHS = "$(inherited) @executable_path/Frameworks";
				PRODUCT_NAME = "$(TARGET_NAME)";
			};
			name = Debug;
		};
		28730CCD1A899C2A00556327 /* Release */ = {
			isa = XCBuildConfiguration;
			buildSettings = {
				ASSETCATALOG_COMPILER_APPICON_NAME = AppIcon;
				GCC_PREFIX_HEADER = /Users/xuzhen/Desktop/practice/DemoAttachView/DemoAttachView/PrefixHeader.pch;
				INFOPLIST_FILE = DemoAttachView/Info.plist;
				LD_RUNPATH_SEARCH_PATHS = "$(inherited) @executable_path/Frameworks";
				PRODUCT_NAME = "$(TARGET_NAME)";
			};
			name = Release;
		};
		28730CCF1A899C2A00556327 /* Debug */ = {
			isa = XCBuildConfiguration;
			buildSettings = {
				BUNDLE_LOADER = "$(TEST_HOST)";
				FRAMEWORK_SEARCH_PATHS = (
					"$(SDKROOT)/Developer/Library/Frameworks",
					"$(inherited)",
				);
				GCC_PREPROCESSOR_DEFINITIONS = (
					"DEBUG=1",
					"$(inherited)",
				);
				INFOPLIST_FILE = DemoAttachViewTests/Info.plist;
				LD_RUNPATH_SEARCH_PATHS = "$(inherited) @executable_path/Frameworks @loader_path/Frameworks";
				PRODUCT_NAME = "$(TARGET_NAME)";
				TEST_HOST = "$(BUILT_PRODUCTS_DIR)/DemoAttachView.app/DemoAttachView";
			};
			name = Debug;
		};
		28730CD01A899C2A00556327 /* Release */ = {
			isa = XCBuildConfiguration;
			buildSettings = {
				BUNDLE_LOADER = "$(TEST_HOST)";
				FRAMEWORK_SEARCH_PATHS = (
					"$(SDKROOT)/Developer/Library/Frameworks",
					"$(inherited)",
				);
				INFOPLIST_FILE = DemoAttachViewTests/Info.plist;
				LD_RUNPATH_SEARCH_PATHS = "$(inherited) @executable_path/Frameworks @loader_path/Frameworks";
				PRODUCT_NAME = "$(TARGET_NAME)";
				TEST_HOST = "$(BUILT_PRODUCTS_DIR)/DemoAttachView.app/DemoAttachView";
			};
			name = Release;
		};
/* End XCBuildConfiguration section */

/* Begin XCConfigurationList section */
		28730CA31A899C2A00556327 /* Build configuration list for PBXProject "DemoAttachView" */ = {
			isa = XCConfigurationList;
			buildConfigurations = (
				28730CC91A899C2A00556327 /* Debug */,
				28730CCA1A899C2A00556327 /* Release */,
			);
			defaultConfigurationIsVisible = 0;
			defaultConfigurationName = Release;
		};
		28730CCB1A899C2A00556327 /* Build configuration list for PBXNativeTarget "DemoAttachView" */ = {
			isa = XCConfigurationList;
			buildConfigurations = (
				28730CCC1A899C2A00556327 /* Debug */,
				28730CCD1A899C2A00556327 /* Release */,
			);
			defaultConfigurationIsVisible = 0;
		};
		28730CCE1A899C2A00556327 /* Build configuration list for PBXNativeTarget "DemoAttachViewTests" */ = {
			isa = XCConfigurationList;
			buildConfigurations = (
				28730CCF1A899C2A00556327 /* Debug */,
				28730CD01A899C2A00556327 /* Release */,
			);
			defaultConfigurationIsVisible = 0;
		};
/* End XCConfigurationList section */
	};
	rootObject = 28730CA01A899C2A00556327 /* Project object */;
}
